github.com/MarkRosemaker/errpath v0.0.0-20241223110529-3530cd011135 h1:Nl01q9JfiXLRfb8C2YIJZXSxpuiLxHEfvjrQz6Ex75Q=
github.com/MarkRosemaker/errpath v0.0.0-20241223110529-3530cd011135/go.mod h1:VnXpUlsS3n1gSToedcQl2FCARGoA16CyitbCanUIv+I=
golang.org/x/exp v0.0.0-20250106191152-7588d65b2ba8 h1:yqrTHse8TCMW1M1ZCP+VAR/l0kKxwaAIqN/il7x4voA=
golang.org/x/exp v0.0.0-20250106191152-7588d65b2ba8/go.mod h1:tujkw807nyEEAamNbDrEGzRav+ilXA7PCRAd6xsmwiU=
