github.com/MarkRosemaker/errpath v0.0.0-20260425165607-bbd4959d04d9 h1:z9JAM7/nPytzu4NSjcqt+5OXmAfhS2jNxyW/yNGd1yQ=
github.com/MarkRosemaker/errpath v0.0.0-20260425165607-bbd4959d04d9/go.mod h1:VnXpUlsS3n1gSToedcQl2FCARGoA16CyitbCanUIv+I=
golang.org/x/exp v0.0.0-20260811152304-ee035b5b010f h1:iXpLj9sdDH/RLYsnOMpbETK6KWtrHwvegcc4psWJHV8=
golang.org/x/exp v0.0.0-20260811152304-ee035b5b010f/go.mod h1:EdfpwwqSu+0Li0mzskwHU6FWDV3t9Q+RZDo3QMUtL3Q=
